// !$*UTF8*$!
{
	archiveVersion = 1;
	classes = {
	};
	objectVersion = 50;
	objects = {

/* Begin PBXBuildFile section */
		CF92461F2640FE43002180D3 /* AppDelegate.swift in Sources */ = {isa = PBXBuildFile; fileRef = CF92461E2640FE43002180D3 /* AppDelegate.swift */; };
		CF9246262640FE43002180D3 /* Main.storyboard in Resources */ = {isa = PBXBuildFile; fileRef = CF9246242640FE43002180D3 /* Main.storyboard */; };
		CF9246282640FE48002180D3 /* Assets.xcassets in Resources */ = {isa = PBXBuildFile; fileRef = CF9246272640FE48002180D3 /* Assets.xcassets */; };
		CF92462B2640FE48002180D3 /* LaunchScreen.storyboard in Resources */ = {isa = PBXBuildFile; fileRef = CF9246292640FE48002180D3 /* LaunchScreen.storyboard */; };
		CF92463626410A63002180D3 /* movies.json in Resources */ = {isa = PBXBuildFile; fileRef = CF92463526410A63002180D3 /* movies.json */; };
		CF92464126412FF2002180D3 /* Movie.swift in Sources */ = {isa = PBXBuildFile; fileRef = CF92464026412FF2002180D3 /* Movie.swift */; };
		CF92464626413021002180D3 /* MoviesListViewController.swift in Sources */ = {isa = PBXBuildFile; fileRef = CF92464426413021002180D3 /* MoviesListViewController.swift */; };
		CF92464D264130C3002180D3 /* MoviesListItemViewCell.swift in Sources */ = {isa = PBXBuildFile; fileRef = CF92464C264130C3002180D3 /* MoviesListItemViewCell.swift */; };
		CF9246522641315E002180D3 /* MovieDetailsViewController.swift in Sources */ = {isa = PBXBuildFile; fileRef = CF9246512641315E002180D3 /* MovieDetailsViewController.swift */; };
		CF924655264131F4002180D3 /* MoviesListViewModel.swift in Sources */ = {isa = PBXBuildFile; fileRef = CF924654264131F4002180D3 /* MoviesListViewModel.swift */; };
		CF92465826413221002180D3 /* MovieDetailsViewModel.swift in Sources */ = {isa = PBXBuildFile; fileRef = CF92465726413221002180D3 /* MovieDetailsViewModel.swift */; };
		CF92465B26413231002180D3 /* MovieListItemViewModel.swift in Sources */ = {isa = PBXBuildFile; fileRef = CF92465A26413231002180D3 /* MovieListItemViewModel.swift */; };
/* End PBXBuildFile section */

/* Begin PBXFileReference section */
		CF92461B2640FE43002180D3 /* MovieDB.app */ = {isa = PBXFileReference; explicitFileType = wrapper.application; includeInIndex = 0; path = MovieDB.app; sourceTree = BUILT_PRODUCTS_DIR; };
		CF92461E2640FE43002180D3 /* AppDelegate.swift */ = {isa = PBXFileReference; lastKnownFileType = sourcecode.swift; path = AppDelegate.swift; sourceTree = "<group>"; };
		CF9246252640FE43002180D3 /* Base */ = {isa = PBXFileReference; lastKnownFileType = file.storyboard; name = Base; path = Base.lproj/Main.storyboard; sourceTree = "<group>"; };
		CF9246272640FE48002180D3 /* Assets.xcassets */ = {isa = PBXFileReference; lastKnownFileType = folder.assetcatalog; path = Assets.xcassets; sourceTree = "<group>"; };
		CF92462A2640FE48002180D3 /* Base */ = {isa = PBXFileReference; lastKnownFileType = file.storyboard; name = Base; path = Base.lproj/LaunchScreen.storyboard; sourceTree = "<group>"; };
		CF92462C2640FE48002180D3 /* Info.plist */ = {isa = PBXFileReference; lastKnownFileType = text.plist.xml; path = Info.plist; sourceTree = "<group>"; };
		CF92463526410A63002180D3 /* movies.json */ = {isa = PBXFileReference; fileEncoding = 4; lastKnownFileType = text.json; path = movies.json; sourceTree = "<group>"; };
		CF92464026412FF2002180D3 /* Movie.swift */ = {isa = PBXFileReference; lastKnownFileType = sourcecode.swift; path = Movie.swift; sourceTree = "<group>"; };
		CF92464426413021002180D3 /* MoviesListViewController.swift */ = {isa = PBXFileReference; lastKnownFileType = sourcecode.swift; path = MoviesListViewController.swift; sourceTree = "<group>"; };
		CF92464C264130C3002180D3 /* MoviesListItemViewCell.swift */ = {isa = PBXFileReference; lastKnownFileType = sourcecode.swift; path = MoviesListItemViewCell.swift; sourceTree = "<group>"; };
		CF9246512641315E002180D3 /* MovieDetailsViewController.swift */ = {isa = PBXFileReference; lastKnownFileType = sourcecode.swift; path = MovieDetailsViewController.swift; sourceTree = "<group>"; };
		CF924654264131F4002180D3 /* MoviesListViewModel.swift */ = {isa = PBXFileReference; lastKnownFileType = sourcecode.swift; path = MoviesListViewModel.swift; sourceTree = "<group>"; };
		CF92465726413221002180D3 /* MovieDetailsViewModel.swift */ = {isa = PBXFileReference; lastKnownFileType = sourcecode.swift; path = MovieDetailsViewModel.swift; sourceTree = "<group>"; };
		CF92465A26413231002180D3 /* MovieListItemViewModel.swift */ = {isa = PBXFileReference; lastKnownFileType = sourcecode.swift; path = MovieListItemViewModel.swift; sourceTree = "<group>"; };
/* End PBXFileReference section */

/* Begin PBXFrameworksBuildPhase section */
		CF9246182640FE43002180D3 /* Frameworks */ = {
			isa = PBXFrameworksBuildPhase;
			buildActionMask = 2147483647;
			files = (
			);
			runOnlyForDeploymentPostprocessing = 0;
		};
/* End PBXFrameworksBuildPhase section */

/* Begin PBXGroup section */
		CF9246122640FE43002180D3 = {
			isa = PBXGroup;
			children = (
				CF92461D2640FE43002180D3 /* MovieDB */,
				CF92461C2640FE43002180D3 /* Products */,
			);
			sourceTree = "<group>";
		};
		CF92461C2640FE43002180D3 /* Products */ = {
			isa = PBXGroup;
			children = (
				CF92461B2640FE43002180D3 /* MovieDB.app */,
			);
			name = Products;
			sourceTree = "<group>";
		};
		CF92461D2640FE43002180D3 /* MovieDB */ = {
			isa = PBXGroup;
			children = (
				CF92463F26412FDD002180D3 /* Views */,
				CF92463E26412FCD002180D3 /* ViewModels */,
				CF92463D26412FBA002180D3 /* Models */,
				CF92463426410A4B002180D3 /* Resources */,
				CF92461E2640FE43002180D3 /* AppDelegate.swift */,
				CF9246242640FE43002180D3 /* Main.storyboard */,
				CF9246272640FE48002180D3 /* Assets.xcassets */,
				CF9246292640FE48002180D3 /* LaunchScreen.storyboard */,
				CF92462C2640FE48002180D3 /* Info.plist */,
			);
			path = MovieDB;
			sourceTree = "<group>";
		};
		CF92463426410A4B002180D3 /* Resources */ = {
			isa = PBXGroup;
			children = (
				CF92463526410A63002180D3 /* movies.json */,
			);
			path = Resources;
			sourceTree = "<group>";
		};
		CF92463D26412FBA002180D3 /* Models */ = {
			isa = PBXGroup;
			children = (
				CF92464026412FF2002180D3 /* Movie.swift */,
			);
			path = Models;
			sourceTree = "<group>";
		};
		CF92463E26412FCD002180D3 /* ViewModels */ = {
			isa = PBXGroup;
			children = (
				CF924654264131F4002180D3 /* MoviesListViewModel.swift */,
				CF92465A26413231002180D3 /* MovieListItemViewModel.swift */,
				CF92465726413221002180D3 /* MovieDetailsViewModel.swift */,
			);
			path = ViewModels;
			sourceTree = "<group>";
		};
		CF92463F26412FDD002180D3 /* Views */ = {
			isa = PBXGroup;
			children = (
				CF92464B26413088002180D3 /* Cells */,
				CF9246492641306C002180D3 /* ViewControllers */,
			);
			path = Views;
			sourceTree = "<group>";
		};
		CF9246492641306C002180D3 /* ViewControllers */ = {
			isa = PBXGroup;
			children = (
				CF92464426413021002180D3 /* MoviesListViewController.swift */,
				CF9246512641315E002180D3 /* MovieDetailsViewController.swift */,
			);
			path = ViewControllers;
			sourceTree = "<group>";
		};
		CF92464B26413088002180D3 /* Cells */ = {
			isa = PBXGroup;
			children = (
				CF92464C264130C3002180D3 /* MoviesListItemViewCell.swift */,
			);
			path = Cells;
			sourceTree = "<group>";
		};
/* End PBXGroup section */

/* Begin PBXNativeTarget section */
		CF92461A2640FE43002180D3 /* MovieDB */ = {
			isa = PBXNativeTarget;
			buildConfigurationList = CF92462F2640FE48002180D3 /* Build configuration list for PBXNativeTarget "MovieDB" */;
			buildPhases = (
				CF9246172640FE43002180D3 /* Sources */,
				CF9246182640FE43002180D3 /* Frameworks */,
				CF9246192640FE43002180D3 /* Resources */,
			);
			buildRules = (
			);
			dependencies = (
			);
			name = MovieDB;
			productName = MovieDB;
			productReference = CF92461B2640FE43002180D3 /* MovieDB.app */;
			productType = "com.apple.product-type.application";
		};
/* End PBXNativeTarget section */

/* Begin PBXProject section */
		CF9246132640FE43002180D3 /* Project object */ = {
			isa = PBXProject;
			attributes = {
				LastSwiftUpdateCheck = 1230;
				LastUpgradeCheck = 1230;
				TargetAttributes = {
					CF92461A2640FE43002180D3 = {
						CreatedOnToolsVersion = 12.3;
					};
				};
			};
			buildConfigurationList = CF9246162640FE43002180D3 /* Build configuration list for PBXProject "MovieDB" */;
			compatibilityVersion = "Xcode 9.3";
			developmentRegion = en;
			hasScannedForEncodings = 0;
			knownRegions = (
				en,
				Base,
			);
			mainGroup = CF9246122640FE43002180D3;
			productRefGroup = CF92461C2640FE43002180D3 /* Products */;
			projectDirPath = "";
			projectRoot = "";
			targets = (
				CF92461A2640FE43002180D3 /* MovieDB */,
			);
		};
/* End PBXProject section */

/* Begin PBXResourcesBuildPhase section */
		CF9246192640FE43002180D3 /* Resources */ = {
			isa = PBXResourcesBuildPhase;
			buildActionMask = 2147483647;
			files = (
				CF92462B2640FE48002180D3 /* LaunchScreen.storyboard in Resources */,
				CF9246282640FE48002180D3 /* Assets.xcassets in Resources */,
				CF92463626410A63002180D3 /* movies.json in Resources */,
				CF9246262640FE43002180D3 /* Main.storyboard in Resources */,
			);
			runOnlyForDeploymentPostprocessing = 0;
		};
/* End PBXResourcesBuildPhase section */

/* Begin PBXSourcesBuildPhase section */
		CF9246172640FE43002180D3 /* Sources */ = {
			isa = PBXSourcesBuildPhase;
			buildActionMask = 2147483647;
			files = (
				CF92465826413221002180D3 /* MovieDetailsViewModel.swift in Sources */,
				CF9246522641315E002180D3 /* MovieDetailsViewController.swift in Sources */,
				CF92461F2640FE43002180D3 /* AppDelegate.swift in Sources */,
				CF92464D264130C3002180D3 /* MoviesListItemViewCell.swift in Sources */,
				CF924655264131F4002180D3 /* MoviesListViewModel.swift in Sources */,
				CF92464126412FF2002180D3 /* Movie.swift in Sources */,
				CF92465B26413231002180D3 /* MovieListItemViewModel.swift in Sources */,
				CF92464626413021002180D3 /* MoviesListViewController.swift in Sources */,
			);
			runOnlyForDeploymentPostprocessing = 0;
		};
/* End PBXSourcesBuildPhase section */

/* Begin PBXVariantGroup section */
		CF9246242640FE43002180D3 /* Main.storyboard */ = {
			isa = PBXVariantGroup;
			children = (
				CF9246252640FE43002180D3 /* Base */,
			);
			name = Main.storyboard;
			sourceTree = "<group>";
		};
		CF9246292640FE48002180D3 /* LaunchScreen.storyboard */ = {
			isa = PBXVariantGroup;
			children = (
				CF92462A2640FE48002180D3 /* Base */,
			);
			name = LaunchScreen.storyboard;
			sourceTree = "<group>";
		};
/* End PBXVariantGroup section */

/* Begin XCBuildConfiguration section */
		CF92462D2640FE48002180D3 /* Debug */ = {
			isa = XCBuildConfiguration;
			buildSettings = {
				ALWAYS_SEARCH_USER_PATHS = NO;
				CLANG_ANALYZER_NONNULL = YES;
				CLANG_ANALYZER_NUMBER_OBJECT_CONVERSION = YES_AGGRESSIVE;
				CLANG_CXX_LANGUAGE_STANDARD = "gnu++14";
				CLANG_CXX_LIBRARY = "libc++";
				CLANG_ENABLE_MODULES = YES;
				CLANG_ENABLE_OBJC_ARC = YES;
				CLANG_ENABLE_OBJC_WEAK = YES;
				CLANG_WARN_BLOCK_CAPTURE_AUTORELEASING = YES;
				CLANG_WARN_BOOL_CONVERSION = YES;
				CLANG_WARN_COMMA = YES;
				CLANG_WARN_CONSTANT_CONVERSION = YES;
				CLANG_WARN_DEPRECATED_OBJC_IMPLEMENTATIONS = YES;
				CLANG_WARN_DIRECT_OBJC_ISA_USAGE = YES_ERROR;
				CLANG_WARN_DOCUMENTATION_COMMENTS = YES;
				CLANG_WARN_EMPTY_BODY = YES;
				CLANG_WARN_ENUM_CONVERSION = YES;
				CLANG_WARN_INFINITE_RECURSION = YES;
				CLANG_WARN_INT_CONVERSION = YES;
				CLANG_WARN_NON_LITERAL_NULL_CONVERSION = YES;
				CLANG_WARN_OBJC_IMPLICIT_RETAIN_SELF = YES;
				CLANG_WARN_OBJC_LITERAL_CONVERSION = YES;
				CLANG_WARN_OBJC_ROOT_CLASS = YES_ERROR;
				CLANG_WARN_QUOTED_INCLUDE_IN_FRAMEWORK_HEADER = YES;
				CLANG_WARN_RANGE_LOOP_ANALYSIS = YES;
				CLANG_WARN_STRICT_PROTOTYPES = YES;
				CLANG_WARN_SUSPICIOUS_MOVE = YES;
				CLANG_WARN_UNGUARDED_AVAILABILITY = YES_AGGRESSIVE;
				CLANG_WARN_UNREACHABLE_CODE = YES;
				CLANG_WARN__DUPLICATE_METHOD_MATCH = YES;
				COPY_PHASE_STRIP = NO;
				DEBUG_INFORMATION_FORMAT = dwarf;
				ENABLE_STRICT_OBJC_MSGSEND = YES;
				ENABLE_TESTABILITY = YES;
				GCC_C_LANGUAGE_STANDARD = gnu11;
				GCC_DYNAMIC_NO_PIC = NO;
				GCC_NO_COMMON_BLOCKS = YES;
				GCC_OPTIMIZATION_LEVEL = 0;
				GCC_PREPROCESSOR_DEFINITIONS = (
					"DEBUG=1",
					"$(inherited)",
				);
				GCC_WARN_64_TO_32_BIT_CONVERSION = YES;
				GCC_WARN_ABOUT_RETURN_TYPE = YES_ERROR;
				GCC_WARN_UNDECLARED_SELECTOR = YES;
				GCC_WARN_UNINITIALIZED_AUTOS = YES_AGGRESSIVE;
				GCC_WARN_UNUSED_FUNCTION = YES;
				GCC_WARN_UNUSED_VARIABLE = YES;
				IPHONEOS_DEPLOYMENT_TARGET = 14.3;
				MTL_ENABLE_DEBUG_INFO = INCLUDE_SOURCE;
				MTL_FAST_MATH = YES;
				ONLY_ACTIVE_ARCH = YES;
				SDKROOT = iphoneos;
				SWIFT_ACTIVE_COMPILATION_CONDITIONS = DEBUG;
				SWIFT_OPTIMIZATION_LEVEL = "-Onone";
			};
			name = Debug;
		};
		CF92462E2640FE48002180D3 /* Release */ = {
			isa = XCBuildConfiguration;
			buildSettings = {
				ALWAYS_SEARCH_USER_PATHS = NO;
				CLANG_ANALYZER_NONNULL = YES;
				CLANG_ANALYZER_NUMBER_OBJECT_CONVERSION = YES_AGGRESSIVE;
				CLANG_CXX_LANGUAGE_STANDARD = "gnu++14";
				CLANG_CXX_LIBRARY = "libc++";
				CLANG_ENABLE_MODULES = YES;
				CLANG_ENABLE_OBJC_ARC = YES;
				CLANG_ENABLE_OBJC_WEAK = YES;
				CLANG_WARN_BLOCK_CAPTURE_AUTORELEASING = YES;
				CLANG_WARN_BOOL_CONVERSION = YES;
				CLANG_WARN_COMMA = YES;
				CLANG_WARN_CONSTANT_CONVERSION = YES;
				CLANG_WARN_DEPRECATED_OBJC_IMPLEMENTATIONS = YES;
				CLANG_WARN_DIRECT_OBJC_ISA_USAGE = YES_ERROR;
				CLANG_WARN_DOCUMENTATION_COMMENTS = YES;
				CLANG_WARN_EMPTY_BODY = YES;
				CLANG_WARN_ENUM_CONVERSION = YES;
				CLANG_WARN_INFINITE_RECURSION = YES;
				CLANG_WARN_INT_CONVERSION = YES;
				CLANG_WARN_NON_LITERAL_NULL_CONVERSION = YES;
				CLANG_WARN_OBJC_IMPLICIT_RETAIN_SELF = YES;
				CLANG_WARN_OBJC_LITERAL_CONVERSION = YES;
				CLANG_WARN_OBJC_ROOT_CLASS = YES_ERROR;
				CLANG_WARN_QUOTED_INCLUDE_IN_FRAMEWORK_HEADER = YES;
				CLANG_WARN_RANGE_LOOP_ANALYSIS = YES;
				CLANG_WARN_STRICT_PROTOTYPES = YES;
				CLANG_WARN_SUSPICIOUS_MOVE = YES;
				CLANG_WARN_UNGUARDED_AVAILABILITY = YES_AGGRESSIVE;
				CLANG_WARN_UNREACHABLE_CODE = YES;
				CLANG_WARN__DUPLICATE_METHOD_MATCH = YES;
				COPY_PHASE_STRIP = NO;
				DEBUG_INFORMATION_FORMAT = "dwarf-with-dsym";
				ENABLE_NS_ASSERTIONS = NO;
				ENABLE_STRICT_OBJC_MSGSEND = YES;
				GCC_C_LANGUAGE_STANDARD = gnu11;
				GCC_NO_COMMON_BLOCKS = YES;
				GCC_WARN_64_TO_32_BIT_CONVERSION = YES;
				GCC_WARN_ABOUT_RETURN_TYPE = YES_ERROR;
				GCC_WARN_UNDECLARED_SELECTOR = YES;
				GCC_WARN_UNINITIALIZED_AUTOS = YES_AGGRESSIVE;
				GCC_WARN_UNUSED_FUNCTION = YES;
				GCC_WARN_UNUSED_VARIABLE = YES;
				IPHONEOS_DEPLOYMENT_TARGET = 14.3;
				MTL_ENABLE_DEBUG_INFO = NO;
				MTL_FAST_MATH = YES;
				SDKROOT = iphoneos;
				SWIFT_COMPILATION_MODE = wholemodule;
				SWIFT_OPTIMIZATION_LEVEL = "-O";
				VALIDATE_PRODUCT = YES;
			};
			name = Release;
		};
		CF9246302640FE48002180D3 /* Debug */ = {
			isa = XCBuildConfiguration;
			buildSettings = {
				ASSETCATALOG_COMPILER_APPICON_NAME = AppIcon;
				ASSETCATALOG_COMPILER_GLOBAL_ACCENT_COLOR_NAME = AccentColor;
				CODE_SIGN_STYLE = Automatic;
				INFOPLIST_FILE = MovieDB/Info.plist;
				IPHONEOS_DEPLOYMENT_TARGET = 12.0;
				LD_RUNPATH_SEARCH_PATHS = (
					"$(inherited)",
					"@executable_path/Frameworks",
				);
				PRODUCT_BUNDLE_IDENTIFIER = com.sayaleepote.MovieDB;
				PRODUCT_NAME = "$(TARGET_NAME)";
				SWIFT_VERSION = 5.0;
				TARGETED_DEVICE_FAMILY = "1,2";
			};
			name = Debug;
		};
		CF9246312640FE48002180D3 /* Release */ = {
			isa = XCBuildConfiguration;
			buildSettings = {
				ASSETCATALOG_COMPILER_APPICON_NAME = AppIcon;
				ASSETCATALOG_COMPILER_GLOBAL_ACCENT_COLOR_NAME = AccentColor;
				CODE_SIGN_STYLE = Automatic;
				INFOPLIST_FILE = MovieDB/Info.plist;
				IPHONEOS_DEPLOYMENT_TARGET = 12.0;
				LD_RUNPATH_SEARCH_PATHS = (
					"$(inherited)",
					"@executable_path/Frameworks",
				);
				PRODUCT_BUNDLE_IDENTIFIER = com.sayaleepote.MovieDB;
				PRODUCT_NAME = "$(TARGET_NAME)";
				SWIFT_VERSION = 5.0;
				TARGETED_DEVICE_FAMILY = "1,2";
			};
			name = Release;
		};
/* End XCBuildConfiguration section */

/* Begin XCConfigurationList section */
		CF9246162640FE43002180D3 /* Build configuration list for PBXProject "MovieDB" */ = {
			isa = XCConfigurationList;
			buildConfigurations = (
				CF92462D2640FE48002180D3 /* Debug */,
				CF92462E2640FE48002180D3 /* Release */,
			);
			defaultConfigurationIsVisible = 0;
			defaultConfigurationName = Release;
		};
		CF92462F2640FE48002180D3 /* Build configuration list for PBXNativeTarget "MovieDB" */ = {
			isa = XCConfigurationList;
			buildConfigurations = (
				CF9246302640FE48002180D3 /* Debug */,
				CF9246312640FE48002180D3 /* Release */,
			);
			defaultConfigurationIsVisible = 0;
			defaultConfigurationName = Release;
		};
/* End XCConfigurationList section */
	};
	rootObject = CF9246132640FE43002180D3 /* Project object */;
}
